{
    "_readme": [
        "This file locks the dependencies of your project to a known state",
        "Read more about it at http://getcomposer.org/doc/01-basic-usage.md#composer-lock-the-lock-file",
        "This file is @generated automatically"
    ],
    "hash": "e3aa7fb38607f240b840aa3e305d9a52",
    "packages": [
        {
            "name": "gangsta/framework",
            "version": "dev-master",
            "source": {
                "type": "git",
                "url": "https://github.com/allankiezel/gangsta-framework.git",
                "reference": "07e01146b031381f21d00891f3b7db95db1a5340"
            },
            "dist": {
                "type": "zip",
                "url": "https://api.github.com/repos/allankiezel/gangsta-framework/zipball/07e01146b031381f21d00891f3b7db95db1a5340",
                "reference": "07e01146b031381f21d00891f3b7db95db1a5340",
                "shasum": ""
            },
            "require": {
                "php": ">=5.4.0",
                "symfony/class-loader": "2.6.*",
                "symfony/http-foundation": "2.6.*"
            },
            "require-dev": {
                "mockery/mockery": "~0.9",
                "phpunit/phpunit": "~4.0"
            },
            "type": "library",
            "autoload": {
                "classmap": [],
                "files": [],
                "psr-4": {
                    "Gangsta\\": "src/"
                }
            },
            "license": [
                "MIT"
            ],
            "authors": [
                {
                    "name": "Allan Kiezel",
                    "email": "allan.kiezel@gmail.com"
                }
            ],
            "description": "The Gangsta Framework.",
            "keywords": [
                "framework",
                "gangsta"
            ],
            "support": {
                "source": "https://github.com/allankiezel/gangsta-framework/tree/master",
                "issues": "https://github.com/allankiezel/gangsta-framework/issues"
            },
            "time": "2014-12-22 04:21:58"
        },
        {
            "name": "symfony/class-loader",
            "version": "v2.6.1",
            "target-dir": "Symfony/Component/ClassLoader",
            "source": {
                "type": "git",
                "url": "https://github.com/symfony/ClassLoader.git",
                "reference": "ba3300e6d79eb51ca9edf77791bbd0497f6030dc"
            },
            "dist": {
                "type": "zip",
                "url": "https://api.github.com/repos/symfony/ClassLoader/zipball/ba3300e6d79eb51ca9edf77791bbd0497f6030dc",
                "reference": "ba3300e6d79eb51ca9edf77791bbd0497f6030dc",
                "shasum": ""
            },
            "require": {
                "php": ">=5.3.3"
            },
            "require-dev": {
                "symfony/finder": "~2.0"
            },
            "type": "library",
            "extra": {
                "branch-alias": {
                    "dev-master": "2.6-dev"
                }
            },
            "autoload": {
                "psr-0": {
                    "Symfony\\Component\\ClassLoader\\": ""
                }
            },
            "notification-url": "https://packagist.org/downloads/",
            "license": [
                "MIT"
            ],
            "authors": [
                {
                    "name": "Symfony Community",
                    "homepage": "http://symfony.com/contributors"
                },
                {
                    "name": "Fabien Potencier",
                    "email": "fabien@symfony.com"
                }
            ],
            "description": "Symfony ClassLoader Component",
            "homepage": "http://symfony.com",
            "time": "2014-12-02 20:19:20"
        },
        {
            "name": "symfony/http-foundation",
            "version": "v2.6.1",
            "target-dir": "Symfony/Component/HttpFoundation",
            "source": {
                "type": "git",
                "url": "https://github.com/symfony/HttpFoundation.git",
                "reference": "0109221f3cf012bf027768ad3e4236dae1af5332"
            },
            "dist": {
                "type": "zip",
                "url": "https://api.github.com/repos/symfony/HttpFoundation/zipball/0109221f3cf012bf027768ad3e4236dae1af5332",
                "reference": "0109221f3cf012bf027768ad3e4236dae1af5332",
                "shasum": ""
            },
            "require": {
                "php": ">=5.3.3"
            },
            "require-dev": {
                "symfony/expression-language": "~2.4"
            },
            "type": "library",
            "extra": {
                "branch-alias": {
                    "dev-master": "2.6-dev"
                }
            },
            "autoload": {
                "psr-0": {
                    "Symfony\\Component\\HttpFoundation\\": ""
                },
                "classmap": [
                    "Symfony/Component/HttpFoundation/Resources/stubs"
                ]
            },
            "notification-url": "https://packagist.org/downloads/",
            "license": [
                "MIT"
            ],
            "authors": [
                {
                    "name": "Symfony Community",
                    "homepage": "http://symfony.com/contributors"
                },
                {
                    "name": "Fabien Potencier",
                    "email": "fabien@symfony.com"
                }
            ],
            "description": "Symfony HttpFoundation Component",
            "homepage": "http://symfony.com",
            "time": "2014-12-02 20:19:20"
        }
    ],
    "packages-dev": [],
    "aliases": [],
    "minimum-stability": "stable",
    "stability-flags": {
        "gangsta/framework": 20
    },
    "prefer-stable": false,
    "prefer-lowest": false,
    "platform": [],
    "platform-dev": []
}
